
Microsoft Visual Studio Solution File, Format Version 12.00
# Visual Studio Version 17
VisualStudioVersion = 17.8.34316.72
MinimumVisualStudioVersion = 10.0.40219.1
Project("{2150E333-8FDC-42A3-9474-1A3956D46DE8}") = "src", "src", "{23E65F22-EF55-4742-97E6-C4F709E57CA8}"
EndProject
Project("{2150E333-8FDC-42A3-9474-1A3956D46DE8}") = "BackEnd", "BackEnd", "{6DD53B07-9CCE-4BAC-A481-124192396059}"
EndProject
Project("{2150E333-8FDC-42A3-9474-1A3956D46DE8}") = "FrontEnd", "FrontEnd", "{1C99D8EE-096C-4941-877F-97E4C938415B}"
EndProject
Project("{2150E333-8FDC-42A3-9474-1A3956D46DE8}") = "Common", "Common", "{A27A3CFD-65C6-48B0-AFDA-1468EFF97346}"
EndProject
Project("{2150E333-8FDC-42A3-9474-1A3956D46DE8}") = "Infraestructure", "Infraestructure", "{E08A5AC4-66B0-40B1-8BD7-50BFDF7DC3F6}"
EndProject
Project("{2150E333-8FDC-42A3-9474-1A3956D46DE8}") = "Modules", "Modules", "{55AA8A1A-8282-4E36-A475-D64CC1A3FD2D}"
EndProject
Project("{9A19103F-16F7-4668-BE54-9A1E7A4F7556}") = "BoletoBus.Common.Data", "BoletoBus.Common.Data\BoletoBus.Common.Data.csproj", "{92F9D2A9-845A-46EA-8C25-C3FAB0831889}"
EndProject
Project("{2150E333-8FDC-42A3-9474-1A3956D46DE8}") = "Pedido Management", "Pedido Management", "{0BC2F66A-E4BA-415E-85CB-5B98130CBE85}"
EndProject
Project("{2150E333-8FDC-42A3-9474-1A3956D46DE8}") = "DetallePedido Management", "DetallePedido Management", "{485CDC76-F7AD-4354-A4CD-6EC51F022608}"
EndProject
Project("{2150E333-8FDC-42A3-9474-1A3956D46DE8}") = "Menu Management", "Menu Management", "{792806C6-9056-458C-B43E-D418E6225CEF}"
EndProject
Project("{2150E333-8FDC-42A3-9474-1A3956D46DE8}") = "Api", "Api", "{5A65D98A-2A0F-466A-B397-21D5ED65EDF5}"
EndProject
Project("{2150E333-8FDC-42A3-9474-1A3956D46DE8}") = "Application", "Application", "{A345D674-C773-4894-8B3E-68BAFDBC0A25}"
EndProject
Project("{2150E333-8FDC-42A3-9474-1A3956D46DE8}") = "Domain", "Domain", "{03399149-204D-4B59-8C40-1EB82EFE78EC}"
EndProject
Project("{2150E333-8FDC-42A3-9474-1A3956D46DE8}") = "Persistence", "Persistence", "{6A37121F-35FD-4343-8188-F18A5825C6F4}"
EndProject
Project("{2150E333-8FDC-42A3-9474-1A3956D46DE8}") = "Api", "Api", "{684E94BE-471A-4DB4-B20D-5669AEDF9625}"
EndProject
Project("{2150E333-8FDC-42A3-9474-1A3956D46DE8}") = "Application", "Application", "{E9ABE63C-8AF8-4EC9-9717-788348859B91}"
EndProject
Project("{2150E333-8FDC-42A3-9474-1A3956D46DE8}") = "Domain", "Domain", "{09072367-8CA9-424E-B9BA-A07DE323F3D3}"
EndProject
Project("{2150E333-8FDC-42A3-9474-1A3956D46DE8}") = "Persistence", "Persistence", "{628D1C29-9D7A-498C-B1C5-679D70214ED0}"
EndProject
Project("{2150E333-8FDC-42A3-9474-1A3956D46DE8}") = "Api", "Api", "{23484EA6-30E6-477D-90FE-F32C1D4331F5}"
EndProject
Project("{2150E333-8FDC-42A3-9474-1A3956D46DE8}") = "Domain", "Domain", "{A940C800-74C8-46EA-B941-31C9858F354C}"
EndProject
Project("{2150E333-8FDC-42A3-9474-1A3956D46DE8}") = "Application", "Application", "{E483F655-6610-47AA-877B-455DDD0DC247}"
EndProject
Project("{2150E333-8FDC-42A3-9474-1A3956D46DE8}") = "Persistence", "Persistence", "{AC457F3C-1CEA-435C-93E1-13676E6383CD}"
EndProject
Project("{FAE04EC0-301F-11D3-BF4B-00C04F79EFBC}") = "BoletoBus.DetallePedido.Api", "BoletoBus.DetallePedido.Api\BoletoBus.DetallePedido.Api.csproj", "{C7811FC0-B1D5-4CF1-8689-E9B8FC34F410}"
EndProject
Project("{FAE04EC0-301F-11D3-BF4B-00C04F79EFBC}") = "BoletoBus.Menu.Api", "BoletoBus.Menu.Api\BoletoBus.Menu.Api.csproj", "{B5AB5456-DA92-4A2F-93C5-F9B15602F33A}"
EndProject
Project("{FAE04EC0-301F-11D3-BF4B-00C04F79EFBC}") = "BoletoBus.Pedido.Api", "BoletoBus.Pedido.Api\BoletoBus.Pedido.Api.csproj", "{D9B9CABF-AB07-4835-BCB4-91731A7249ED}"
EndProject
Project("{FAE04EC0-301F-11D3-BF4B-00C04F79EFBC}") = "BoletoBus.Infraextructure", "BoletoBus.Infraextructure.Data\BoletoBus.Infraextructure.csproj", "{8BDECB03-4F8E-4F7F-9BA9-65B0CFA03D4B}"
EndProject
Project("{FAE04EC0-301F-11D3-BF4B-00C04F79EFBC}") = "BoletoBus.Pedido.Application", "BoletoBusCouds.Application\BoletoBus.Pedido.Application.csproj", "{06170D72-AA75-4FE7-B0A5-3443B14F32B0}"
EndProject
Global
	GlobalSection(SolutionConfigurationPlatforms) = preSolution
		Debug|Any CPU = Debug|Any CPU
		Release|Any CPU = Release|Any CPU
	EndGlobalSection
	GlobalSection(ProjectConfigurationPlatforms) = postSolution
		{92F9D2A9-845A-46EA-8C25-C3FAB0831889}.Debug|Any CPU.ActiveCfg = Debug|Any CPU
		{92F9D2A9-845A-46EA-8C25-C3FAB0831889}.Debug|Any CPU.Build.0 = Debug|Any CPU
		{92F9D2A9-845A-46EA-8C25-C3FAB0831889}.Release|Any CPU.ActiveCfg = Release|Any CPU
		{92F9D2A9-845A-46EA-8C25-C3FAB0831889}.Release|Any CPU.Build.0 = Release|Any CPU
		{C7811FC0-B1D5-4CF1-8689-E9B8FC34F410}.Debug|Any CPU.ActiveCfg = Debug|Any CPU
		{C7811FC0-B1D5-4CF1-8689-E9B8FC34F410}.Debug|Any CPU.Build.0 = Debug|Any CPU
		{C7811FC0-B1D5-4CF1-8689-E9B8FC34F410}.Release|Any CPU.ActiveCfg = Release|Any CPU
		{C7811FC0-B1D5-4CF1-8689-E9B8FC34F410}.Release|Any CPU.Build.0 = Release|Any CPU
		{B5AB5456-DA92-4A2F-93C5-F9B15602F33A}.Debug|Any CPU.ActiveCfg = Debug|Any CPU
		{B5AB5456-DA92-4A2F-93C5-F9B15602F33A}.Debug|Any CPU.Build.0 = Debug|Any CPU
		{B5AB5456-DA92-4A2F-93C5-F9B15602F33A}.Release|Any CPU.ActiveCfg = Release|Any CPU
		{B5AB5456-DA92-4A2F-93C5-F9B15602F33A}.Release|Any CPU.Build.0 = Release|Any CPU
		{D9B9CABF-AB07-4835-BCB4-91731A7249ED}.Debug|Any CPU.ActiveCfg = Debug|Any CPU
		{D9B9CABF-AB07-4835-BCB4-91731A7249ED}.Debug|Any CPU.Build.0 = Debug|Any CPU
		{D9B9CABF-AB07-4835-BCB4-91731A7249ED}.Release|Any CPU.ActiveCfg = Release|Any CPU
		{D9B9CABF-AB07-4835-BCB4-91731A7249ED}.Release|Any CPU.Build.0 = Release|Any CPU
		{8BDECB03-4F8E-4F7F-9BA9-65B0CFA03D4B}.Debug|Any CPU.ActiveCfg = Debug|Any CPU
		{8BDECB03-4F8E-4F7F-9BA9-65B0CFA03D4B}.Debug|Any CPU.Build.0 = Debug|Any CPU
		{8BDECB03-4F8E-4F7F-9BA9-65B0CFA03D4B}.Release|Any CPU.ActiveCfg = Release|Any CPU
		{8BDECB03-4F8E-4F7F-9BA9-65B0CFA03D4B}.Release|Any CPU.Build.0 = Release|Any CPU
		{06170D72-AA75-4FE7-B0A5-3443B14F32B0}.Debug|Any CPU.ActiveCfg = Debug|Any CPU
		{06170D72-AA75-4FE7-B0A5-3443B14F32B0}.Debug|Any CPU.Build.0 = Debug|Any CPU
		{06170D72-AA75-4FE7-B0A5-3443B14F32B0}.Release|Any CPU.ActiveCfg = Release|Any CPU
		{06170D72-AA75-4FE7-B0A5-3443B14F32B0}.Release|Any CPU.Build.0 = Release|Any CPU
	EndGlobalSection
	GlobalSection(SolutionProperties) = preSolution
		HideSolutionNode = FALSE
	EndGlobalSection
	GlobalSection(NestedProjects) = preSolution
		{6DD53B07-9CCE-4BAC-A481-124192396059} = {23E65F22-EF55-4742-97E6-C4F709E57CA8}
		{1C99D8EE-096C-4941-877F-97E4C938415B} = {23E65F22-EF55-4742-97E6-C4F709E57CA8}
		{A27A3CFD-65C6-48B0-AFDA-1468EFF97346} = {6DD53B07-9CCE-4BAC-A481-124192396059}
		{E08A5AC4-66B0-40B1-8BD7-50BFDF7DC3F6} = {6DD53B07-9CCE-4BAC-A481-124192396059}
		{55AA8A1A-8282-4E36-A475-D64CC1A3FD2D} = {6DD53B07-9CCE-4BAC-A481-124192396059}
		{92F9D2A9-845A-46EA-8C25-C3FAB0831889} = {A27A3CFD-65C6-48B0-AFDA-1468EFF97346}
		{0BC2F66A-E4BA-415E-85CB-5B98130CBE85} = {55AA8A1A-8282-4E36-A475-D64CC1A3FD2D}
		{485CDC76-F7AD-4354-A4CD-6EC51F022608} = {55AA8A1A-8282-4E36-A475-D64CC1A3FD2D}
		{792806C6-9056-458C-B43E-D418E6225CEF} = {55AA8A1A-8282-4E36-A475-D64CC1A3FD2D}
		{5A65D98A-2A0F-466A-B397-21D5ED65EDF5} = {485CDC76-F7AD-4354-A4CD-6EC51F022608}
		{A345D674-C773-4894-8B3E-68BAFDBC0A25} = {485CDC76-F7AD-4354-A4CD-6EC51F022608}
		{03399149-204D-4B59-8C40-1EB82EFE78EC} = {485CDC76-F7AD-4354-A4CD-6EC51F022608}
		{6A37121F-35FD-4343-8188-F18A5825C6F4} = {485CDC76-F7AD-4354-A4CD-6EC51F022608}
		{684E94BE-471A-4DB4-B20D-5669AEDF9625} = {792806C6-9056-458C-B43E-D418E6225CEF}
		{E9ABE63C-8AF8-4EC9-9717-788348859B91} = {792806C6-9056-458C-B43E-D418E6225CEF}
		{09072367-8CA9-424E-B9BA-A07DE323F3D3} = {792806C6-9056-458C-B43E-D418E6225CEF}
		{628D1C29-9D7A-498C-B1C5-679D70214ED0} = {792806C6-9056-458C-B43E-D418E6225CEF}
		{23484EA6-30E6-477D-90FE-F32C1D4331F5} = {0BC2F66A-E4BA-415E-85CB-5B98130CBE85}
		{A940C800-74C8-46EA-B941-31C9858F354C} = {0BC2F66A-E4BA-415E-85CB-5B98130CBE85}
		{E483F655-6610-47AA-877B-455DDD0DC247} = {0BC2F66A-E4BA-415E-85CB-5B98130CBE85}
		{AC457F3C-1CEA-435C-93E1-13676E6383CD} = {0BC2F66A-E4BA-415E-85CB-5B98130CBE85}
		{C7811FC0-B1D5-4CF1-8689-E9B8FC34F410} = {5A65D98A-2A0F-466A-B397-21D5ED65EDF5}
		{B5AB5456-DA92-4A2F-93C5-F9B15602F33A} = {684E94BE-471A-4DB4-B20D-5669AEDF9625}
		{D9B9CABF-AB07-4835-BCB4-91731A7249ED} = {23484EA6-30E6-477D-90FE-F32C1D4331F5}
		{8BDECB03-4F8E-4F7F-9BA9-65B0CFA03D4B} = {E08A5AC4-66B0-40B1-8BD7-50BFDF7DC3F6}
		{06170D72-AA75-4FE7-B0A5-3443B14F32B0} = {E483F655-6610-47AA-877B-455DDD0DC247}
	EndGlobalSection
	GlobalSection(ExtensibilityGlobals) = postSolution
		SolutionGuid = {36A4CF65-1534-4434-AC3F-75D18218AF09}
	EndGlobalSection
EndGlobal
